{
  "name": "adyutuobangshopapplet",
  "version": "1.0.0",
  "lockfileVersion": 1,
  "requires": true,
  "dependencies": {
    "async-validator": {
      "version": "3.5.0",
      "resolved": "https://registry.npm.taobao.org/async-validator/download/async-validator-3.5.0.tgz",
      "integrity": "sha1-9nke5yF83oA2lBWRvDdU98Jrv4k="
    },
    "compass-mixins": {
      "version": "0.12.10",
      "resolved": "https://registry.npm.taobao.org/compass-mixins/download/compass-mixins-0.12.10.tgz",
      "integrity": "sha1-zZ8V+CnE6WDMQ7sibwSbKL65nUE="
    },
    "dayjs": {
      "version": "1.10.5",
      "resolved": "https://registry.nlark.com/dayjs/download/dayjs-1.10.5.tgz?cache=0&other_urls=https%3A%2F%2Fregistry.nlark.com%2Fdayjs%2Fdownload%2Fdayjs-1.10.5.tgz",
      "integrity": "sha1-VgDfRUj8JFOz8WPrsqu+llzPuYY="
    },
    "lodash": {
      "version": "4.17.20",
      "resolved": "https://registry.npm.taobao.org/lodash/download/lodash-4.17.20.tgz",
      "integrity": "sha1-tEqbYpe8tpjxxRo1RaKzs2jVnFI="
    },
    "miment": {
      "version": "0.0.9",
      "resolved": "https://registry.npm.taobao.org/miment/download/miment-0.0.9.tgz",
      "integrity": "sha1-eYZPh5Pn0OkI6EVoc147FyAi1+0="
    }
  }
}
